// !$*UTF8*$!
{
	archiveVersion = 1;
	classes = {
	};
	objectVersion = 55;
	objects = {

/* Begin PBXBuildFile section */
		0A9C77B027A12A9B003405B6 /* AppDelegate.m in Sources */ = {isa = PBXBuildFile; fileRef = 0A9C77AF27A12A9B003405B6 /* AppDelegate.m */; };
		0A9C77B327A12A9B003405B6 /* SceneDelegate.m in Sources */ = {isa = PBXBuildFile; fileRef = 0A9C77B227A12A9B003405B6 /* SceneDelegate.m */; };
		0A9C77B627A12A9B003405B6 /* ViewController.m in Sources */ = {isa = PBXBuildFile; fileRef = 0A9C77B527A12A9B003405B6 /* ViewController.m */; };
		0A9C77B927A12A9B003405B6 /* Main.storyboard in Resources */ = {isa = PBXBuildFile; fileRef = 0A9C77B727A12A9B003405B6 /* Main.storyboard */; };
		0A9C77BB27A12A9D003405B6 /* Assets.xcassets in Resources */ = {isa = PBXBuildFile; fileRef = 0A9C77BA27A12A9D003405B6 /* Assets.xcassets */; };
		0A9C77BE27A12A9D003405B6 /* LaunchScreen.storyboard in Resources */ = {isa = PBXBuildFile; fileRef = 0A9C77BC27A12A9D003405B6 /* LaunchScreen.storyboard */; };
		0A9C77C127A12A9D003405B6 /* main.m in Sources */ = {isa = PBXBuildFile; fileRef = 0A9C77C027A12A9D003405B6 /* main.m */; };
		0A9C77CA27A132A7003405B6 /* AttributeStringBuilder.m in Sources */ = {isa = PBXBuildFile; fileRef = 0A9C77C927A132A7003405B6 /* AttributeStringBuilder.m */; };
/* End PBXBuildFile section */

/* Begin PBXFileReference section */
		0A9C77AB27A12A9B003405B6 /* Builder-iOS.app */ = {isa = PBXFileReference; explicitFileType = wrapper.application; includeInIndex = 0; path = "Builder-iOS.app"; sourceTree = BUILT_PRODUCTS_DIR; };
		0A9C77AE27A12A9B003405B6 /* AppDelegate.h */ = {isa = PBXFileReference; lastKnownFileType = sourcecode.c.h; path = AppDelegate.h; sourceTree = "<group>"; };
		0A9C77AF27A12A9B003405B6 /* AppDelegate.m */ = {isa = PBXFileReference; lastKnownFileType = sourcecode.c.objc; path = AppDelegate.m; sourceTree = "<group>"; };
		0A9C77B127A12A9B003405B6 /* SceneDelegate.h */ = {isa = PBXFileReference; lastKnownFileType = sourcecode.c.h; path = SceneDelegate.h; sourceTree = "<group>"; };
		0A9C77B227A12A9B003405B6 /* SceneDelegate.m */ = {isa = PBXFileReference; lastKnownFileType = sourcecode.c.objc; path = SceneDelegate.m; sourceTree = "<group>"; };
		0A9C77B427A12A9B003405B6 /* ViewController.h */ = {isa = PBXFileReference; lastKnownFileType = sourcecode.c.h; path = ViewController.h; sourceTree = "<group>"; };
		0A9C77B527A12A9B003405B6 /* ViewController.m */ = {isa = PBXFileReference; lastKnownFileType = sourcecode.c.objc; path = ViewController.m; sourceTree = "<group>"; };
		0A9C77B827A12A9B003405B6 /* Base */ = {isa = PBXFileReference; lastKnownFileType = file.storyboard; name = Base; path = Base.lproj/Main.storyboard; sourceTree = "<group>"; };
		0A9C77BA27A12A9D003405B6 /* Assets.xcassets */ = {isa = PBXFileReference; lastKnownFileType = folder.assetcatalog; path = Assets.xcassets; sourceTree = "<group>"; };
		0A9C77BD27A12A9D003405B6 /* Base */ = {isa = PBXFileReference; lastKnownFileType = file.storyboard; name = Base; path = Base.lproj/LaunchScreen.storyboard; sourceTree = "<group>"; };
		0A9C77BF27A12A9D003405B6 /* Info.plist */ = {isa = PBXFileReference; lastKnownFileType = text.plist.xml; path = Info.plist; sourceTree = "<group>"; };
		0A9C77C027A12A9D003405B6 /* main.m */ = {isa = PBXFileReference; lastKnownFileType = sourcecode.c.objc; path = main.m; sourceTree = "<group>"; };
		0A9C77C827A132A7003405B6 /* AttributeStringBuilder.h */ = {isa = PBXFileReference; lastKnownFileType = sourcecode.c.h; path = AttributeStringBuilder.h; sourceTree = "<group>"; };
		0A9C77C927A132A7003405B6 /* AttributeStringBuilder.m */ = {isa = PBXFileReference; lastKnownFileType = sourcecode.c.objc; path = AttributeStringBuilder.m; sourceTree = "<group>"; };
/* End PBXFileReference section */

/* Begin PBXFrameworksBuildPhase section */
		0A9C77A827A12A9B003405B6 /* Frameworks */ = {
			isa = PBXFrameworksBuildPhase;
			buildActionMask = 2147483647;
			files = (
			);
			runOnlyForDeploymentPostprocessing = 0;
		};
/* End PBXFrameworksBuildPhase section */

/* Begin PBXGroup section */
		0A9C77A227A12A9B003405B6 = {
			isa = PBXGroup;
			children = (
				0A9C77AD27A12A9B003405B6 /* Builder-iOS */,
				0A9C77AC27A12A9B003405B6 /* Products */,
			);
			sourceTree = "<group>";
		};
		0A9C77AC27A12A9B003405B6 /* Products */ = {
			isa = PBXGroup;
			children = (
				0A9C77AB27A12A9B003405B6 /* Builder-iOS.app */,
			);
			name = Products;
			sourceTree = "<group>";
		};
		0A9C77AD27A12A9B003405B6 /* Builder-iOS */ = {
			isa = PBXGroup;
			children = (
				0A9C77C727A13246003405B6 /* Builder */,
				0A9C77AE27A12A9B003405B6 /* AppDelegate.h */,
				0A9C77AF27A12A9B003405B6 /* AppDelegate.m */,
				0A9C77B127A12A9B003405B6 /* SceneDelegate.h */,
				0A9C77B227A12A9B003405B6 /* SceneDelegate.m */,
				0A9C77B427A12A9B003405B6 /* ViewController.h */,
				0A9C77B527A12A9B003405B6 /* ViewController.m */,
				0A9C77B727A12A9B003405B6 /* Main.storyboard */,
				0A9C77BA27A12A9D003405B6 /* Assets.xcassets */,
				0A9C77BC27A12A9D003405B6 /* LaunchScreen.storyboard */,
				0A9C77BF27A12A9D003405B6 /* Info.plist */,
				0A9C77C027A12A9D003405B6 /* main.m */,
			);
			path = "Builder-iOS";
			sourceTree = "<group>";
		};
		0A9C77C727A13246003405B6 /* Builder */ = {
			isa = PBXGroup;
			children = (
				0A9C77C827A132A7003405B6 /* AttributeStringBuilder.h */,
				0A9C77C927A132A7003405B6 /* AttributeStringBuilder.m */,
			);
			path = Builder;
			sourceTree = "<group>";
		};
/* End PBXGroup section */

/* Begin PBXNativeTarget section */
		0A9C77AA27A12A9B003405B6 /* Builder-iOS */ = {
			isa = PBXNativeTarget;
			buildConfigurationList = 0A9C77C427A12A9D003405B6 /* Build configuration list for PBXNativeTarget "Builder-iOS" */;
			buildPhases = (
				0A9C77A727A12A9B003405B6 /* Sources */,
				0A9C77A827A12A9B003405B6 /* Frameworks */,
				0A9C77A927A12A9B003405B6 /* Resources */,
			);
			buildRules = (
			);
			dependencies = (
			);
			name = "Builder-iOS";
			productName = "Builder-iOS";
			productReference = 0A9C77AB27A12A9B003405B6 /* Builder-iOS.app */;
			productType = "com.apple.product-type.application";
		};
/* End PBXNativeTarget section */

/* Begin PBXProject section */
		0A9C77A327A12A9B003405B6 /* Project object */ = {
			isa = PBXProject;
			attributes = {
				BuildIndependentTargetsInParallel = 1;
				LastUpgradeCheck = 1320;
				TargetAttributes = {
					0A9C77AA27A12A9B003405B6 = {
						CreatedOnToolsVersion = 13.2.1;
					};
				};
			};
			buildConfigurationList = 0A9C77A627A12A9B003405B6 /* Build configuration list for PBXProject "Builder-iOS" */;
			compatibilityVersion = "Xcode 13.0";
			developmentRegion = en;
			hasScannedForEncodings = 0;
			knownRegions = (
				en,
				Base,
			);
			mainGroup = 0A9C77A227A12A9B003405B6;
			productRefGroup = 0A9C77AC27A12A9B003405B6 /* Products */;
			projectDirPath = "";
			projectRoot = "";
			targets = (
				0A9C77AA27A12A9B003405B6 /* Builder-iOS */,
			);
		};
/* End PBXProject section */

/* Begin PBXResourcesBuildPhase section */
		0A9C77A927A12A9B003405B6 /* Resources */ = {
			isa = PBXResourcesBuildPhase;
			buildActionMask = 2147483647;
			files = (
				0A9C77BE27A12A9D003405B6 /* LaunchScreen.storyboard in Resources */,
				0A9C77BB27A12A9D003405B6 /* Assets.xcassets in Resources */,
				0A9C77B927A12A9B003405B6 /* Main.storyboard in Resources */,
			);
			runOnlyForDeploymentPostprocessing = 0;
		};
/* End PBXResourcesBuildPhase section */

/* Begin PBXSourcesBuildPhase section */
		0A9C77A727A12A9B003405B6 /* Sources */ = {
			isa = PBXSourcesBuildPhase;
			buildActionMask = 2147483647;
			files = (
				0A9C77B627A12A9B003405B6 /* ViewController.m in Sources */,
				0A9C77B027A12A9B003405B6 /* AppDelegate.m in Sources */,
				0A9C77C127A12A9D003405B6 /* main.m in Sources */,
				0A9C77CA27A132A7003405B6 /* AttributeStringBuilder.m in Sources */,
				0A9C77B327A12A9B003405B6 /* SceneDelegate.m in Sources */,
			);
			runOnlyForDeploymentPostprocessing = 0;
		};
/* End PBXSourcesBuildPhase section */

/* Begin PBXVariantGroup section */
		0A9C77B727A12A9B003405B6 /* Main.storyboard */ = {
			isa = PBXVariantGroup;
			children = (
				0A9C77B827A12A9B003405B6 /* Base */,
			);
			name = Main.storyboard;
			sourceTree = "<group>";
		};
		0A9C77BC27A12A9D003405B6 /* LaunchScreen.storyboard */ = {
			isa = PBXVariantGroup;
			children = (
				0A9C77BD27A12A9D003405B6 /* Base */,
			);
			name = LaunchScreen.storyboard;
			sourceTree = "<group>";
		};
/* End PBXVariantGroup section */

/* Begin XCBuildConfiguration section */
		0A9C77C227A12A9D003405B6 /* Debug */ = {
			isa = XCBuildConfiguration;
			buildSettings = {
				ALWAYS_SEARCH_USER_PATHS = NO;
				CLANG_ANALYZER_NONNULL = YES;
				CLANG_ANALYZER_NUMBER_OBJECT_CONVERSION = YES_AGGRESSIVE;
				CLANG_CXX_LANGUAGE_STANDARD = "gnu++17";
				CLANG_CXX_LIBRARY = "libc++";
				CLANG_ENABLE_MODULES = YES;
				CLANG_ENABLE_OBJC_ARC = YES;
				CLANG_ENABLE_OBJC_WEAK = YES;
				CLANG_WARN_BLOCK_CAPTURE_AUTORELEASING = YES;
				CLANG_WARN_BOOL_CONVERSION = YES;
				CLANG_WARN_COMMA = YES;
				CLANG_WARN_CONSTANT_CONVERSION = YES;
				CLANG_WARN_DEPRECATED_OBJC_IMPLEMENTATIONS = YES;
				CLANG_WARN_DIRECT_OBJC_ISA_USAGE = YES_ERROR;
				CLANG_WARN_DOCUMENTATION_COMMENTS = YES;
				CLANG_WARN_EMPTY_BODY = YES;
				CLANG_WARN_ENUM_CONVERSION = YES;
				CLANG_WARN_INFINITE_RECURSION = YES;
				CLANG_WARN_INT_CONVERSION = YES;
				CLANG_WARN_NON_LITERAL_NULL_CONVERSION = YES;
				CLANG_WARN_OBJC_IMPLICIT_RETAIN_SELF = YES;
				CLANG_WARN_OBJC_LITERAL_CONVERSION = YES;
				CLANG_WARN_OBJC_ROOT_CLASS = YES_ERROR;
				CLANG_WARN_QUOTED_INCLUDE_IN_FRAMEWORK_HEADER = YES;
				CLANG_WARN_RANGE_LOOP_ANALYSIS = YES;
				CLANG_WARN_STRICT_PROTOTYPES = YES;
				CLANG_WARN_SUSPICIOUS_MOVE = YES;
				CLANG_WARN_UNGUARDED_AVAILABILITY = YES_AGGRESSIVE;
				CLANG_WARN_UNREACHABLE_CODE = YES;
				CLANG_WARN__DUPLICATE_METHOD_MATCH = YES;
				COPY_PHASE_STRIP = NO;
				DEBUG_INFORMATION_FORMAT = dwarf;
				ENABLE_STRICT_OBJC_MSGSEND = YES;
				ENABLE_TESTABILITY = YES;
				GCC_C_LANGUAGE_STANDARD = gnu11;
				GCC_DYNAMIC_NO_PIC = NO;
				GCC_NO_COMMON_BLOCKS = YES;
				GCC_OPTIMIZATION_LEVEL = 0;
				GCC_PREPROCESSOR_DEFINITIONS = (
					"DEBUG=1",
					"$(inherited)",
				);
				GCC_WARN_64_TO_32_BIT_CONVERSION = YES;
				GCC_WARN_ABOUT_RETURN_TYPE = YES_ERROR;
				GCC_WARN_UNDECLARED_SELECTOR = YES;
				GCC_WARN_UNINITIALIZED_AUTOS = YES_AGGRESSIVE;
				GCC_WARN_UNUSED_FUNCTION = YES;
				GCC_WARN_UNUSED_VARIABLE = YES;
				IPHONEOS_DEPLOYMENT_TARGET = 15.2;
				MTL_ENABLE_DEBUG_INFO = INCLUDE_SOURCE;
				MTL_FAST_MATH = YES;
				ONLY_ACTIVE_ARCH = YES;
				SDKROOT = iphoneos;
			};
			name = Debug;
		};
		0A9C77C327A12A9D003405B6 /* Release */ = {
			isa = XCBuildConfiguration;
			buildSettings = {
				ALWAYS_SEARCH_USER_PATHS = NO;
				CLANG_ANALYZER_NONNULL = YES;
				CLANG_ANALYZER_NUMBER_OBJECT_CONVERSION = YES_AGGRESSIVE;
				CLANG_CXX_LANGUAGE_STANDARD = "gnu++17";
				CLANG_CXX_LIBRARY = "libc++";
				CLANG_ENABLE_MODULES = YES;
				CLANG_ENABLE_OBJC_ARC = YES;
				CLANG_ENABLE_OBJC_WEAK = YES;
				CLANG_WARN_BLOCK_CAPTURE_AUTORELEASING = YES;
				CLANG_WARN_BOOL_CONVERSION = YES;
				CLANG_WARN_COMMA = YES;
				CLANG_WARN_CONSTANT_CONVERSION = YES;
				CLANG_WARN_DEPRECATED_OBJC_IMPLEMENTATIONS = YES;
				CLANG_WARN_DIRECT_OBJC_ISA_USAGE = YES_ERROR;
				CLANG_WARN_DOCUMENTATION_COMMENTS = YES;
				CLANG_WARN_EMPTY_BODY = YES;
				CLANG_WARN_ENUM_CONVERSION = YES;
				CLANG_WARN_INFINITE_RECURSION = YES;
				CLANG_WARN_INT_CONVERSION = YES;
				CLANG_WARN_NON_LITERAL_NULL_CONVERSION = YES;
				CLANG_WARN_OBJC_IMPLICIT_RETAIN_SELF = YES;
				CLANG_WARN_OBJC_LITERAL_CONVERSION = YES;
				CLANG_WARN_OBJC_ROOT_CLASS = YES_ERROR;
				CLANG_WARN_QUOTED_INCLUDE_IN_FRAMEWORK_HEADER = YES;
				CLANG_WARN_RANGE_LOOP_ANALYSIS = YES;
				CLANG_WARN_STRICT_PROTOTYPES = YES;
				CLANG_WARN_SUSPICIOUS_MOVE = YES;
				CLANG_WARN_UNGUARDED_AVAILABILITY = YES_AGGRESSIVE;
				CLANG_WARN_UNREACHABLE_CODE = YES;
				CLANG_WARN__DUPLICATE_METHOD_MATCH = YES;
				COPY_PHASE_STRIP = NO;
				DEBUG_INFORMATION_FORMAT = "dwarf-with-dsym";
				ENABLE_NS_ASSERTIONS = NO;
				ENABLE_STRICT_OBJC_MSGSEND = YES;
				GCC_C_LANGUAGE_STANDARD = gnu11;
				GCC_NO_COMMON_BLOCKS = YES;
				GCC_WARN_64_TO_32_BIT_CONVERSION = YES;
				GCC_WARN_ABOUT_RETURN_TYPE = YES_ERROR;
				GCC_WARN_UNDECLARED_SELECTOR = YES;
				GCC_WARN_UNINITIALIZED_AUTOS = YES_AGGRESSIVE;
				GCC_WARN_UNUSED_FUNCTION = YES;
				GCC_WARN_UNUSED_VARIABLE = YES;
				IPHONEOS_DEPLOYMENT_TARGET = 15.2;
				MTL_ENABLE_DEBUG_INFO = NO;
				MTL_FAST_MATH = YES;
				SDKROOT = iphoneos;
				VALIDATE_PRODUCT = YES;
			};
			name = Release;
		};
		0A9C77C527A12A9D003405B6 /* Debug */ = {
			isa = XCBuildConfiguration;
			buildSettings = {
				ASSETCATALOG_COMPILER_APPICON_NAME = AppIcon;
				ASSETCATALOG_COMPILER_GLOBAL_ACCENT_COLOR_NAME = AccentColor;
				CODE_SIGN_STYLE = Automatic;
				CURRENT_PROJECT_VERSION = 1;
				GENERATE_INFOPLIST_FILE = YES;
				INFOPLIST_FILE = "Builder-iOS/Info.plist";
				INFOPLIST_KEY_UIApplicationSupportsIndirectInputEvents = YES;
				INFOPLIST_KEY_UILaunchStoryboardName = LaunchScreen;
				INFOPLIST_KEY_UIMainStoryboardFile = Main;
				INFOPLIST_KEY_UISupportedInterfaceOrientations_iPad = "UIInterfaceOrientationPortrait UIInterfaceOrientationPortraitUpsideDown UIInterfaceOrientationLandscapeLeft UIInterfaceOrientationLandscapeRight";
				INFOPLIST_KEY_UISupportedInterfaceOrientations_iPhone = "UIInterfaceOrientationPortrait UIInterfaceOrientationLandscapeLeft UIInterfaceOrientationLandscapeRight";
				LD_RUNPATH_SEARCH_PATHS = (
					"$(inherited)",
					"@executable_path/Frameworks",
				);
				MARKETING_VERSION = 1.0;
				PRODUCT_BUNDLE_IDENTIFIER = "com.anie.Builder-iOS";
				PRODUCT_NAME = "$(TARGET_NAME)";
				SWIFT_EMIT_LOC_STRINGS = YES;
				TARGETED_DEVICE_FAMILY = "1,2";
			};
			name = Debug;
		};
		0A9C77C627A12A9D003405B6 /* Release */ = {
			isa = XCBuildConfiguration;
			buildSettings = {
				ASSETCATALOG_COMPILER_APPICON_NAME = AppIcon;
				ASSETCATALOG_COMPILER_GLOBAL_ACCENT_COLOR_NAME = AccentColor;
				CODE_SIGN_STYLE = Automatic;
				CURRENT_PROJECT_VERSION = 1;
				GENERATE_INFOPLIST_FILE = YES;
				INFOPLIST_FILE = "Builder-iOS/Info.plist";
				INFOPLIST_KEY_UIApplicationSupportsIndirectInputEvents = YES;
				INFOPLIST_KEY_UILaunchStoryboardName = LaunchScreen;
				INFOPLIST_KEY_UIMainStoryboardFile = Main;
				INFOPLIST_KEY_UISupportedInterfaceOrientations_iPad = "UIInterfaceOrientationPortrait UIInterfaceOrientationPortraitUpsideDown UIInterfaceOrientationLandscapeLeft UIInterfaceOrientationLandscapeRight";
				INFOPLIST_KEY_UISupportedInterfaceOrientations_iPhone = "UIInterfaceOrientationPortrait UIInterfaceOrientationLandscapeLeft UIInterfaceOrientationLandscapeRight";
				LD_RUNPATH_SEARCH_PATHS = (
					"$(inherited)",
					"@executable_path/Frameworks",
				);
				MARKETING_VERSION = 1.0;
				PRODUCT_BUNDLE_IDENTIFIER = "com.anie.Builder-iOS";
				PRODUCT_NAME = "$(TARGET_NAME)";
				SWIFT_EMIT_LOC_STRINGS = YES;
				TARGETED_DEVICE_FAMILY = "1,2";
			};
			name = Release;
		};
/* End XCBuildConfiguration section */

/* Begin XCConfigurationList section */
		0A9C77A627A12A9B003405B6 /* Build configuration list for PBXProject "Builder-iOS" */ = {
			isa = XCConfigurationList;
			buildConfigurations = (
				0A9C77C227A12A9D003405B6 /* Debug */,
				0A9C77C327A12A9D003405B6 /* Release */,
			);
			defaultConfigurationIsVisible = 0;
			defaultConfigurationName = Release;
		};
		0A9C77C427A12A9D003405B6 /* Build configuration list for PBXNativeTarget "Builder-iOS" */ = {
			isa = XCConfigurationList;
			buildConfigurations = (
				0A9C77C527A12A9D003405B6 /* Debug */,
				0A9C77C627A12A9D003405B6 /* Release */,
			);
			defaultConfigurationIsVisible = 0;
			defaultConfigurationName = Release;
		};
/* End XCConfigurationList section */
	};
	rootObject = 0A9C77A327A12A9B003405B6 /* Project object */;
}
